
Microsoft Visual Studio Solution File, Format Version 12.00
# Visual Studio 2012
Project("{FAE04EC0-301F-11D3-BF4B-00C04F79EFBC}") = "BillingSystem", "BillingSystem\BillingSystem.csproj", "{7BAE6F42-0DE7-4989-9401-5D9C21D34637}"
EndProject
Global
	GlobalSection(SolutionConfigurationPlatforms) = preSolution
		Debug|Any CPU = Debug|Any CPU
		Release|Any CPU = Release|Any CPU
	EndGlobalSection
	GlobalSection(ProjectConfigurationPlatforms) = postSolution
		{7BAE6F42-0DE7-4989-9401-5D9C21D34637}.Debug|Any CPU.ActiveCfg = Debug|Any CPU
		{7BAE6F42-0DE7-4989-9401-5D9C21D34637}.Debug|Any CPU.Build.0 = Debug|Any CPU
		{7BAE6F42-0DE7-4989-9401-5D9C21D34637}.Release|Any CPU.ActiveCfg = Release|Any CPU
		{7BAE6F42-0DE7-4989-9401-5D9C21D34637}.Release|Any CPU.Build.0 = Release|Any CPU
	EndGlobalSection
	GlobalSection(SolutionProperties) = preSolution
		HideSolutionNode = FALSE
	EndGlobalSection
EndGlobal
