
Microsoft Visual Studio Solution File, Format Version 12.00
# Visual Studio 2012
Project("{FAE04EC0-301F-11D3-BF4B-00C04F79EFBC}") = "SimpleCalculator", "SimpleCalculator\SimpleCalculator.csproj", "{34F0280A-5A2F-447F-A95F-5DDE639E4340}"
EndProject
Global
	GlobalSection(SolutionConfigurationPlatforms) = preSolution
		Debug|Any CPU = Debug|Any CPU
		Release|Any CPU = Release|Any CPU
	EndGlobalSection
	GlobalSection(ProjectConfigurationPlatforms) = postSolution
		{34F0280A-5A2F-447F-A95F-5DDE639E4340}.Debug|Any CPU.ActiveCfg = Debug|Any CPU
		{34F0280A-5A2F-447F-A95F-5DDE639E4340}.Debug|Any CPU.Build.0 = Debug|Any CPU
		{34F0280A-5A2F-447F-A95F-5DDE639E4340}.Release|Any CPU.ActiveCfg = Release|Any CPU
		{34F0280A-5A2F-447F-A95F-5DDE639E4340}.Release|Any CPU.Build.0 = Release|Any CPU
	EndGlobalSection
	GlobalSection(SolutionProperties) = preSolution
		HideSolutionNode = FALSE
	EndGlobalSection
EndGlobal
